
Microsoft Visual Studio Solution File, Format Version 12.00
# Visual Studio Version 17
VisualStudioVersion = 17.0.31903.59
MinimumVisualStudioVersion = 10.0.40219.1
Project("{FAE04EC0-301F-11D3-BF4B-00C04F79EFBC}") = "MonitoringApp", "MonitoringApp\MonitoringApp.csproj", "{3574172E-1A6D-4E6E-8EEE-FFE57D35459E}"
EndProject
Project("{FAE04EC0-301F-11D3-BF4B-00C04F79EFBC}") = "MonitoringLib", "MonitoringLib\MonitoringLib.csproj", "{1FFEB4CD-2A85-4290-924D-C9F1E0E3DAAB}"
EndProject
Global
	GlobalSection(SolutionConfigurationPlatforms) = preSolution
		Debug|Any CPU = Debug|Any CPU
		Release|Any CPU = Release|Any CPU
	EndGlobalSection
	GlobalSection(SolutionProperties) = preSolution
		HideSolutionNode = FALSE
	EndGlobalSection
	GlobalSection(ProjectConfigurationPlatforms) = postSolution
		{3574172E-1A6D-4E6E-8EEE-FFE57D35459E}.Debug|Any CPU.ActiveCfg = Debug|Any CPU
		{3574172E-1A6D-4E6E-8EEE-FFE57D35459E}.Debug|Any CPU.Build.0 = Debug|Any CPU
		{3574172E-1A6D-4E6E-8EEE-FFE57D35459E}.Release|Any CPU.ActiveCfg = Release|Any CPU
		{3574172E-1A6D-4E6E-8EEE-FFE57D35459E}.Release|Any CPU.Build.0 = Release|Any CPU
		{1FFEB4CD-2A85-4290-924D-C9F1E0E3DAAB}.Debug|Any CPU.ActiveCfg = Debug|Any CPU
		{1FFEB4CD-2A85-4290-924D-C9F1E0E3DAAB}.Debug|Any CPU.Build.0 = Debug|Any CPU
		{1FFEB4CD-2A85-4290-924D-C9F1E0E3DAAB}.Release|Any CPU.ActiveCfg = Release|Any CPU
		{1FFEB4CD-2A85-4290-924D-C9F1E0E3DAAB}.Release|Any CPU.Build.0 = Release|Any CPU
	EndGlobalSection
EndGlobal
